{
  "name": "menhera-crypto",
  "version": "1.0.0",
  "lockfileVersion": 2,
  "requires": true,
  "packages": {
    "": {
      "name": "menhera-crypto",
      "version": "1.0.0",
      "license": "Apache-2.0",
      "dependencies": {
        "@noble/ed25519": "^1.4.0",
        "curve25519-js": "^0.0.4",
        "sidh": "^4.1.6",
        "sphincs": "^2.4.1"
      }
    },
    "node_modules/@noble/ed25519": {
      "version": "1.4.0",
      "resolved": "https://registry.npmjs.org/@noble/ed25519/-/ed25519-1.4.0.tgz",
      "integrity": "sha512-dD+IcJygUuHg4QTipeTuB6Nn57pUc6Ljt4jMKaq2jDwvW6i/lZBov4wUQLFIvIz4BX3NJEF0sRsjMQV8JLTAiA=="
    },
    "node_modules/curve25519-js": {
      "version": "0.0.4",
      "resolved": "https://registry.npmjs.org/curve25519-js/-/curve25519-js-0.0.4.tgz",
      "integrity": "sha512-axn2UMEnkhyDUPWOwVKBMVIzSQy2ejH2xRGy1wq81dqRwApXfIzfbE3hIX0ZRFBIihf/KDqK158DLwESu4AK1w=="
    },
    "node_modules/sidh": {
      "version": "4.1.6",
      "resolved": "https://registry.npmjs.org/sidh/-/sidh-4.1.6.tgz",
      "integrity": "sha512-IgoO2xrqlOl7g/i5Z3M6FzQf7f0Ix+1/pv+/c6ZrrZJIvpvdW5XzJYw64tihfDox7wIO9h4sxgJoe0PxX0dWoA=="
    },
    "node_modules/sphincs": {
      "version": "2.4.1",
      "resolved": "https://registry.npmjs.org/sphincs/-/sphincs-2.4.1.tgz",
      "integrity": "sha512-ObDeoJegJMsAK6B2uS+tTKCY1mwHisXk3dt8dWYwYz0hlEhcPhXiHwsNsZZ1KXWC0ViegbBaFG+Jjgz3a70d/A=="
    }
  },
  "dependencies": {
    "@noble/ed25519": {
      "version": "1.4.0",
      "resolved": "https://registry.npmjs.org/@noble/ed25519/-/ed25519-1.4.0.tgz",
      "integrity": "sha512-dD+IcJygUuHg4QTipeTuB6Nn57pUc6Ljt4jMKaq2jDwvW6i/lZBov4wUQLFIvIz4BX3NJEF0sRsjMQV8JLTAiA=="
    },
    "curve25519-js": {
      "version": "0.0.4",
      "resolved": "https://registry.npmjs.org/curve25519-js/-/curve25519-js-0.0.4.tgz",
      "integrity": "sha512-axn2UMEnkhyDUPWOwVKBMVIzSQy2ejH2xRGy1wq81dqRwApXfIzfbE3hIX0ZRFBIihf/KDqK158DLwESu4AK1w=="
    },
    "sidh": {
      "version": "4.1.6",
      "resolved": "https://registry.npmjs.org/sidh/-/sidh-4.1.6.tgz",
      "integrity": "sha512-IgoO2xrqlOl7g/i5Z3M6FzQf7f0Ix+1/pv+/c6ZrrZJIvpvdW5XzJYw64tihfDox7wIO9h4sxgJoe0PxX0dWoA=="
    },
    "sphincs": {
      "version": "2.4.1",
      "resolved": "https://registry.npmjs.org/sphincs/-/sphincs-2.4.1.tgz",
      "integrity": "sha512-ObDeoJegJMsAK6B2uS+tTKCY1mwHisXk3dt8dWYwYz0hlEhcPhXiHwsNsZZ1KXWC0ViegbBaFG+Jjgz3a70d/A=="
    }
  }
}
