{
  "name": "menhera-crypto",
  "version": "1.0.0",
  "lockfileVersion": 2,
  "requires": true,
  "packages": {
    "": {
      "version": "1.0.0",
      "license": "Apache-2.0",
      "dependencies": {
        "curve25519-js": "^0.0.4",
        "noble-ed25519": "^1.2.5",
        "sidh": "^5.1.4",
        "sphincs": "^2.4.1"
      }
    },
    "node_modules/curve25519-js": {
      "version": "0.0.4",
      "resolved": "https://registry.npmjs.org/curve25519-js/-/curve25519-js-0.0.4.tgz",
      "integrity": "sha512-axn2UMEnkhyDUPWOwVKBMVIzSQy2ejH2xRGy1wq81dqRwApXfIzfbE3hIX0ZRFBIihf/KDqK158DLwESu4AK1w=="
    },
    "node_modules/noble-ed25519": {
      "version": "1.2.5",
      "resolved": "https://registry.npmjs.org/noble-ed25519/-/noble-ed25519-1.2.5.tgz",
      "integrity": "sha512-7vst+4UhM5QU3jJ3pUqPMKBCOePrxBojmoQa59qcSnYvjFF/T4jqb4WISlfslcWyBw7G5H9V/acpcAxMd8DzUQ=="
    },
    "node_modules/sidh": {
      "version": "5.1.4",
      "resolved": "https://registry.npmjs.org/sidh/-/sidh-5.1.4.tgz",
      "integrity": "sha512-UCFGJw2GQIEty5LbD8T1VZzx30oOD5cm0hiA8UDzZ5W3YGWgZZy70b/L3EkIMe4Oi3SvVp89MiVOyGXQxAMXZQ=="
    },
    "node_modules/sphincs": {
      "version": "2.4.1",
      "resolved": "https://registry.npmjs.org/sphincs/-/sphincs-2.4.1.tgz",
      "integrity": "sha512-ObDeoJegJMsAK6B2uS+tTKCY1mwHisXk3dt8dWYwYz0hlEhcPhXiHwsNsZZ1KXWC0ViegbBaFG+Jjgz3a70d/A=="
    }
  },
  "dependencies": {
    "curve25519-js": {
      "version": "0.0.4",
      "resolved": "https://registry.npmjs.org/curve25519-js/-/curve25519-js-0.0.4.tgz",
      "integrity": "sha512-axn2UMEnkhyDUPWOwVKBMVIzSQy2ejH2xRGy1wq81dqRwApXfIzfbE3hIX0ZRFBIihf/KDqK158DLwESu4AK1w=="
    },
    "noble-ed25519": {
      "version": "1.2.5",
      "resolved": "https://registry.npmjs.org/noble-ed25519/-/noble-ed25519-1.2.5.tgz",
      "integrity": "sha512-7vst+4UhM5QU3jJ3pUqPMKBCOePrxBojmoQa59qcSnYvjFF/T4jqb4WISlfslcWyBw7G5H9V/acpcAxMd8DzUQ=="
    },
    "sidh": {
      "version": "5.1.4",
      "resolved": "https://registry.npmjs.org/sidh/-/sidh-5.1.4.tgz",
      "integrity": "sha512-UCFGJw2GQIEty5LbD8T1VZzx30oOD5cm0hiA8UDzZ5W3YGWgZZy70b/L3EkIMe4Oi3SvVp89MiVOyGXQxAMXZQ=="
    },
    "sphincs": {
      "version": "2.4.1",
      "resolved": "https://registry.npmjs.org/sphincs/-/sphincs-2.4.1.tgz",
      "integrity": "sha512-ObDeoJegJMsAK6B2uS+tTKCY1mwHisXk3dt8dWYwYz0hlEhcPhXiHwsNsZZ1KXWC0ViegbBaFG+Jjgz3a70d/A=="
    }
  }
}
